PODS:
  - cmark-gfm-swift (0.1.0):
    - libcmark_gfm
  - libcmark_gfm (0.28.0)

DEPENDENCIES:
  - cmark-gfm-swift (from `../`)

EXTERNAL SOURCES:
  cmark-gfm-swift:
    :path: ../

SPEC CHECKSUMS:
  cmark-gfm-swift: d6b0336873109ba47ab1b30c7069a41149b5d8d9
  libcmark_gfm: 98c0bb2c3ad943c024fe5786d6452f43d5629f1a

PODFILE CHECKSUM: 7369e3f5d440fc989bb93a9e3cba11bb9d58bcbd

COCOAPODS: 1.4.0
